
Microsoft Visual Studio Solution File, Format Version 12.00
# Visual Studio Version 16
VisualStudioVersion = 16.0.29411.108
MinimumVisualStudioVersion = 10.0.40219.1
Project("{FAE04EC0-301F-11D3-BF4B-00C04F79EFBC}") = "ScreenShotAnimation", "ScreenShotAnimation\ScreenShotAnimation.csproj", "{DA88CB57-0ED3-4A73-9D53-C30376BC7A6D}"
EndProject
Project("{9A19103F-16F7-4668-BE54-9A1E7A4F7556}") = "ScreenShotAnimation.Core", "ScreenShotAnimation.Core\ScreenShotAnimation.Core.csproj", "{24AC9C86-672E-40A9-8A21-1903781E958F}"
EndProject
Global
	GlobalSection(SolutionConfigurationPlatforms) = preSolution
		Debug|Any CPU = Debug|Any CPU
		Release|Any CPU = Release|Any CPU
	EndGlobalSection
	GlobalSection(ProjectConfigurationPlatforms) = postSolution
		{DA88CB57-0ED3-4A73-9D53-C30376BC7A6D}.Debug|Any CPU.ActiveCfg = Debug|Any CPU
		{DA88CB57-0ED3-4A73-9D53-C30376BC7A6D}.Debug|Any CPU.Build.0 = Debug|Any CPU
		{DA88CB57-0ED3-4A73-9D53-C30376BC7A6D}.Release|Any CPU.ActiveCfg = Release|Any CPU
		{24AC9C86-672E-40A9-8A21-1903781E958F}.Debug|Any CPU.ActiveCfg = Debug|Any CPU
		{24AC9C86-672E-40A9-8A21-1903781E958F}.Debug|Any CPU.Build.0 = Debug|Any CPU
		{24AC9C86-672E-40A9-8A21-1903781E958F}.Release|Any CPU.ActiveCfg = Release|Any CPU
		{24AC9C86-672E-40A9-8A21-1903781E958F}.Release|Any CPU.Build.0 = Release|Any CPU
	EndGlobalSection
	GlobalSection(SolutionProperties) = preSolution
		HideSolutionNode = FALSE
	EndGlobalSection
	GlobalSection(ExtensibilityGlobals) = postSolution
		SolutionGuid = {54F1E037-D5EB-4737-8042-F3DCD479915E}
	EndGlobalSection
EndGlobal
